// !$*UTF8*$!
{
	archiveVersion = 1;
	classes = {
	};
	objectVersion = 56;
	objects = {

/* Begin PBXBuildFile section */
		81AC3A912B6D8371008D77C1 /* StarWarsApp.swift in Sources */ = {isa = PBXBuildFile; fileRef = 81AC3A902B6D8371008D77C1 /* StarWarsApp.swift */; };
		81AC3A932B6D8371008D77C1 /* ContentView.swift in Sources */ = {isa = PBXBuildFile; fileRef = 81AC3A922B6D8371008D77C1 /* ContentView.swift */; };
		81AC3A952B6D8375008D77C1 /* Assets.xcassets in Resources */ = {isa = PBXBuildFile; fileRef = 81AC3A942B6D8375008D77C1 /* Assets.xcassets */; };
		81AC3A982B6D8375008D77C1 /* Preview Assets.xcassets in Resources */ = {isa = PBXBuildFile; fileRef = 81AC3A972B6D8375008D77C1 /* Preview Assets.xcassets */; };
		81AC3AA22B6D8375008D77C1 /* StarWarsTests.swift in Sources */ = {isa = PBXBuildFile; fileRef = 81AC3AA12B6D8375008D77C1 /* StarWarsTests.swift */; };
		81AC3AAC2B6D8375008D77C1 /* StarWarsUITests.swift in Sources */ = {isa = PBXBuildFile; fileRef = 81AC3AAB2B6D8375008D77C1 /* StarWarsUITests.swift */; };
		81AC3AAE2B6D8375008D77C1 /* StarWarsUITestsLaunchTests.swift in Sources */ = {isa = PBXBuildFile; fileRef = 81AC3AAD2B6D8375008D77C1 /* StarWarsUITestsLaunchTests.swift */; };
		81AC3ABE2B6D84AB008D77C1 /* APIError.swift in Sources */ = {isa = PBXBuildFile; fileRef = 81AC3ABD2B6D84AB008D77C1 /* APIError.swift */; };
		81AC3AC02B6D8549008D77C1 /* StarWarsAPI.swift in Sources */ = {isa = PBXBuildFile; fileRef = 81AC3ABF2B6D8549008D77C1 /* StarWarsAPI.swift */; };
		81AC3AC52B6D887B008D77C1 /* PeopleEndpoint.swift in Sources */ = {isa = PBXBuildFile; fileRef = 81AC3AC42B6D887B008D77C1 /* PeopleEndpoint.swift */; };
		81AC3AC92B6D88FE008D77C1 /* PeopleFetchable.swift in Sources */ = {isa = PBXBuildFile; fileRef = 81AC3AC82B6D88FE008D77C1 /* PeopleFetchable.swift */; };
		81AC3ACC2B6D8C40008D77C1 /* PeopleRepository.swift in Sources */ = {isa = PBXBuildFile; fileRef = 81AC3ACB2B6D8C40008D77C1 /* PeopleRepository.swift */; };
		81AC3AD02B6EE3A6008D77C1 /* People.swift in Sources */ = {isa = PBXBuildFile; fileRef = 81AC3ACF2B6EE3A6008D77C1 /* People.swift */; };
		81AC3AD22B6EE66D008D77C1 /* PeopleService.swift in Sources */ = {isa = PBXBuildFile; fileRef = 81AC3AD12B6EE66D008D77C1 /* PeopleService.swift */; };
/* End PBXBuildFile section */

/* Begin PBXContainerItemProxy section */
		81AC3A9E2B6D8375008D77C1 /* PBXContainerItemProxy */ = {
			isa = PBXContainerItemProxy;
			containerPortal = 81AC3A852B6D8371008D77C1 /* Project object */;
			proxyType = 1;
			remoteGlobalIDString = 81AC3A8C2B6D8371008D77C1;
			remoteInfo = StarWars;
		};
		81AC3AA82B6D8375008D77C1 /* PBXContainerItemProxy */ = {
			isa = PBXContainerItemProxy;
			containerPortal = 81AC3A852B6D8371008D77C1 /* Project object */;
			proxyType = 1;
			remoteGlobalIDString = 81AC3A8C2B6D8371008D77C1;
			remoteInfo = StarWars;
		};
/* End PBXContainerItemProxy section */

/* Begin PBXFileReference section */
		81AC3A8D2B6D8371008D77C1 /* StarWars.app */ = {isa = PBXFileReference; explicitFileType = wrapper.application; includeInIndex = 0; path = StarWars.app; sourceTree = BUILT_PRODUCTS_DIR; };
		81AC3A902B6D8371008D77C1 /* StarWarsApp.swift */ = {isa = PBXFileReference; lastKnownFileType = sourcecode.swift; path = StarWarsApp.swift; sourceTree = "<group>"; };
		81AC3A922B6D8371008D77C1 /* ContentView.swift */ = {isa = PBXFileReference; lastKnownFileType = sourcecode.swift; path = ContentView.swift; sourceTree = "<group>"; };
		81AC3A942B6D8375008D77C1 /* Assets.xcassets */ = {isa = PBXFileReference; lastKnownFileType = folder.assetcatalog; path = Assets.xcassets; sourceTree = "<group>"; };
		81AC3A972B6D8375008D77C1 /* Preview Assets.xcassets */ = {isa = PBXFileReference; lastKnownFileType = folder.assetcatalog; path = "Preview Assets.xcassets"; sourceTree = "<group>"; };
		81AC3A9D2B6D8375008D77C1 /* StarWarsTests.xctest */ = {isa = PBXFileReference; explicitFileType = wrapper.cfbundle; includeInIndex = 0; path = StarWarsTests.xctest; sourceTree = BUILT_PRODUCTS_DIR; };
		81AC3AA12B6D8375008D77C1 /* StarWarsTests.swift */ = {isa = PBXFileReference; lastKnownFileType = sourcecode.swift; path = StarWarsTests.swift; sourceTree = "<group>"; };
		81AC3AA72B6D8375008D77C1 /* StarWarsUITests.xctest */ = {isa = PBXFileReference; explicitFileType = wrapper.cfbundle; includeInIndex = 0; path = StarWarsUITests.xctest; sourceTree = BUILT_PRODUCTS_DIR; };
		81AC3AAB2B6D8375008D77C1 /* StarWarsUITests.swift */ = {isa = PBXFileReference; lastKnownFileType = sourcecode.swift; path = StarWarsUITests.swift; sourceTree = "<group>"; };
		81AC3AAD2B6D8375008D77C1 /* StarWarsUITestsLaunchTests.swift */ = {isa = PBXFileReference; lastKnownFileType = sourcecode.swift; path = StarWarsUITestsLaunchTests.swift; sourceTree = "<group>"; };
		81AC3ABD2B6D84AB008D77C1 /* APIError.swift */ = {isa = PBXFileReference; lastKnownFileType = sourcecode.swift; path = APIError.swift; sourceTree = "<group>"; };
		81AC3ABF2B6D8549008D77C1 /* StarWarsAPI.swift */ = {isa = PBXFileReference; lastKnownFileType = sourcecode.swift; path = StarWarsAPI.swift; sourceTree = "<group>"; };
		81AC3AC42B6D887B008D77C1 /* PeopleEndpoint.swift */ = {isa = PBXFileReference; lastKnownFileType = sourcecode.swift; path = PeopleEndpoint.swift; sourceTree = "<group>"; };
		81AC3AC82B6D88FE008D77C1 /* PeopleFetchable.swift */ = {isa = PBXFileReference; lastKnownFileType = sourcecode.swift; path = PeopleFetchable.swift; sourceTree = "<group>"; };
		81AC3ACB2B6D8C40008D77C1 /* PeopleRepository.swift */ = {isa = PBXFileReference; lastKnownFileType = sourcecode.swift; path = PeopleRepository.swift; sourceTree = "<group>"; };
		81AC3ACF2B6EE3A6008D77C1 /* People.swift */ = {isa = PBXFileReference; lastKnownFileType = sourcecode.swift; path = People.swift; sourceTree = "<group>"; };
		81AC3AD12B6EE66D008D77C1 /* PeopleService.swift */ = {isa = PBXFileReference; lastKnownFileType = sourcecode.swift; path = PeopleService.swift; sourceTree = "<group>"; };
/* End PBXFileReference section */

/* Begin PBXFrameworksBuildPhase section */
		81AC3A8A2B6D8371008D77C1 /* Frameworks */ = {
			isa = PBXFrameworksBuildPhase;
			buildActionMask = 2147483647;
			files = (
			);
			runOnlyForDeploymentPostprocessing = 0;
		};
		81AC3A9A2B6D8375008D77C1 /* Frameworks */ = {
			isa = PBXFrameworksBuildPhase;
			buildActionMask = 2147483647;
			files = (
			);
			runOnlyForDeploymentPostprocessing = 0;
		};
		81AC3AA42B6D8375008D77C1 /* Frameworks */ = {
			isa = PBXFrameworksBuildPhase;
			buildActionMask = 2147483647;
			files = (
			);
			runOnlyForDeploymentPostprocessing = 0;
		};
/* End PBXFrameworksBuildPhase section */

/* Begin PBXGroup section */
		81AC3A842B6D8371008D77C1 = {
			isa = PBXGroup;
			children = (
				81AC3A8F2B6D8371008D77C1 /* StarWars */,
				81AC3AA02B6D8375008D77C1 /* StarWarsTests */,
				81AC3AAA2B6D8375008D77C1 /* StarWarsUITests */,
				81AC3A8E2B6D8371008D77C1 /* Products */,
			);
			sourceTree = "<group>";
		};
		81AC3A8E2B6D8371008D77C1 /* Products */ = {
			isa = PBXGroup;
			children = (
				81AC3A8D2B6D8371008D77C1 /* StarWars.app */,
				81AC3A9D2B6D8375008D77C1 /* StarWarsTests.xctest */,
				81AC3AA72B6D8375008D77C1 /* StarWarsUITests.xctest */,
			);
			name = Products;
			sourceTree = "<group>";
		};
		81AC3A8F2B6D8371008D77C1 /* StarWars */ = {
			isa = PBXGroup;
			children = (
				81AC3ACD2B6EE33D008D77C1 /* Models */,
				81AC3AC12B6D882A008D77C1 /* Features */,
				81AC3ABA2B6D840C008D77C1 /* App */,
				81AC3ABC2B6D8491008D77C1 /* Network */,
				81AC3ABB2B6D841B008D77C1 /* Assets */,
			);
			path = StarWars;
			sourceTree = "<group>";
		};
		81AC3A962B6D8375008D77C1 /* Preview Content */ = {
			isa = PBXGroup;
			children = (
				81AC3A972B6D8375008D77C1 /* Preview Assets.xcassets */,
			);
			path = "Preview Content";
			sourceTree = "<group>";
		};
		81AC3AA02B6D8375008D77C1 /* StarWarsTests */ = {
			isa = PBXGroup;
			children = (
				81AC3AA12B6D8375008D77C1 /* StarWarsTests.swift */,
			);
			path = StarWarsTests;
			sourceTree = "<group>";
		};
		81AC3AAA2B6D8375008D77C1 /* StarWarsUITests */ = {
			isa = PBXGroup;
			children = (
				81AC3AAB2B6D8375008D77C1 /* StarWarsUITests.swift */,
				81AC3AAD2B6D8375008D77C1 /* StarWarsUITestsLaunchTests.swift */,
			);
			path = StarWarsUITests;
			sourceTree = "<group>";
		};
		81AC3ABA2B6D840C008D77C1 /* App */ = {
			isa = PBXGroup;
			children = (
				81AC3A902B6D8371008D77C1 /* StarWarsApp.swift */,
				81AC3A922B6D8371008D77C1 /* ContentView.swift */,
			);
			path = App;
			sourceTree = "<group>";
		};
		81AC3ABB2B6D841B008D77C1 /* Assets */ = {
			isa = PBXGroup;
			children = (
				81AC3A962B6D8375008D77C1 /* Preview Content */,
				81AC3A942B6D8375008D77C1 /* Assets.xcassets */,
			);
			path = Assets;
			sourceTree = "<group>";
		};
		81AC3ABC2B6D8491008D77C1 /* Network */ = {
			isa = PBXGroup;
			children = (
				81AC3AC62B6D88C1008D77C1 /* Services */,
				81AC3AC32B6D8860008D77C1 /* Endpoints */,
				81AC3AC22B6D8856008D77C1 /* API */,
			);
			path = Network;
			sourceTree = "<group>";
		};
		81AC3AC12B6D882A008D77C1 /* Features */ = {
			isa = PBXGroup;
			children = (
			);
			path = Features;
			sourceTree = "<group>";
		};
		81AC3AC22B6D8856008D77C1 /* API */ = {
			isa = PBXGroup;
			children = (
				81AC3ABD2B6D84AB008D77C1 /* APIError.swift */,
				81AC3ABF2B6D8549008D77C1 /* StarWarsAPI.swift */,
			);
			path = API;
			sourceTree = "<group>";
		};
		81AC3AC32B6D8860008D77C1 /* Endpoints */ = {
			isa = PBXGroup;
			children = (
				81AC3AC42B6D887B008D77C1 /* PeopleEndpoint.swift */,
			);
			path = Endpoints;
			sourceTree = "<group>";
		};
		81AC3AC62B6D88C1008D77C1 /* Services */ = {
			isa = PBXGroup;
			children = (
				81AC3ACA2B6D8C27008D77C1 /* Repositories */,
				81AC3AC72B6D88DE008D77C1 /* PeopleService */,
			);
			path = Services;
			sourceTree = "<group>";
		};
		81AC3AC72B6D88DE008D77C1 /* PeopleService */ = {
			isa = PBXGroup;
			children = (
				81AC3AC82B6D88FE008D77C1 /* PeopleFetchable.swift */,
				81AC3AD12B6EE66D008D77C1 /* PeopleService.swift */,
			);
			path = PeopleService;
			sourceTree = "<group>";
		};
		81AC3ACA2B6D8C27008D77C1 /* Repositories */ = {
			isa = PBXGroup;
			children = (
				81AC3ACB2B6D8C40008D77C1 /* PeopleRepository.swift */,
			);
			path = Repositories;
			sourceTree = "<group>";
		};
		81AC3ACD2B6EE33D008D77C1 /* Models */ = {
			isa = PBXGroup;
			children = (
				81AC3ACE2B6EE342008D77C1 /* People */,
			);
			path = Models;
			sourceTree = "<group>";
		};
		81AC3ACE2B6EE342008D77C1 /* People */ = {
			isa = PBXGroup;
			children = (
				81AC3ACF2B6EE3A6008D77C1 /* People.swift */,
			);
			path = People;
			sourceTree = "<group>";
		};
/* End PBXGroup section */

/* Begin PBXNativeTarget section */
		81AC3A8C2B6D8371008D77C1 /* StarWars */ = {
			isa = PBXNativeTarget;
			buildConfigurationList = 81AC3AB12B6D8375008D77C1 /* Build configuration list for PBXNativeTarget "StarWars" */;
			buildPhases = (
				81AC3A892B6D8371008D77C1 /* Sources */,
				81AC3A8A2B6D8371008D77C1 /* Frameworks */,
				81AC3A8B2B6D8371008D77C1 /* Resources */,
			);
			buildRules = (
			);
			dependencies = (
			);
			name = StarWars;
			productName = StarWars;
			productReference = 81AC3A8D2B6D8371008D77C1 /* StarWars.app */;
			productType = "com.apple.product-type.application";
		};
		81AC3A9C2B6D8375008D77C1 /* StarWarsTests */ = {
			isa = PBXNativeTarget;
			buildConfigurationList = 81AC3AB42B6D8375008D77C1 /* Build configuration list for PBXNativeTarget "StarWarsTests" */;
			buildPhases = (
				81AC3A992B6D8375008D77C1 /* Sources */,
				81AC3A9A2B6D8375008D77C1 /* Frameworks */,
				81AC3A9B2B6D8375008D77C1 /* Resources */,
			);
			buildRules = (
			);
			dependencies = (
				81AC3A9F2B6D8375008D77C1 /* PBXTargetDependency */,
			);
			name = StarWarsTests;
			productName = StarWarsTests;
			productReference = 81AC3A9D2B6D8375008D77C1 /* StarWarsTests.xctest */;
			productType = "com.apple.product-type.bundle.unit-test";
		};
		81AC3AA62B6D8375008D77C1 /* StarWarsUITests */ = {
			isa = PBXNativeTarget;
			buildConfigurationList = 81AC3AB72B6D8375008D77C1 /* Build configuration list for PBXNativeTarget "StarWarsUITests" */;
			buildPhases = (
				81AC3AA32B6D8375008D77C1 /* Sources */,
				81AC3AA42B6D8375008D77C1 /* Frameworks */,
				81AC3AA52B6D8375008D77C1 /* Resources */,
			);
			buildRules = (
			);
			dependencies = (
				81AC3AA92B6D8375008D77C1 /* PBXTargetDependency */,
			);
			name = StarWarsUITests;
			productName = StarWarsUITests;
			productReference = 81AC3AA72B6D8375008D77C1 /* StarWarsUITests.xctest */;
			productType = "com.apple.product-type.bundle.ui-testing";
		};
/* End PBXNativeTarget section */

/* Begin PBXProject section */
		81AC3A852B6D8371008D77C1 /* Project object */ = {
			isa = PBXProject;
			attributes = {
				BuildIndependentTargetsInParallel = 1;
				LastSwiftUpdateCheck = 1410;
				LastUpgradeCheck = 1410;
				TargetAttributes = {
					81AC3A8C2B6D8371008D77C1 = {
						CreatedOnToolsVersion = 14.1;
					};
					81AC3A9C2B6D8375008D77C1 = {
						CreatedOnToolsVersion = 14.1;
						TestTargetID = 81AC3A8C2B6D8371008D77C1;
					};
					81AC3AA62B6D8375008D77C1 = {
						CreatedOnToolsVersion = 14.1;
						TestTargetID = 81AC3A8C2B6D8371008D77C1;
					};
				};
			};
			buildConfigurationList = 81AC3A882B6D8371008D77C1 /* Build configuration list for PBXProject "StarWars" */;
			compatibilityVersion = "Xcode 14.0";
			developmentRegion = en;
			hasScannedForEncodings = 0;
			knownRegions = (
				en,
				Base,
			);
			mainGroup = 81AC3A842B6D8371008D77C1;
			productRefGroup = 81AC3A8E2B6D8371008D77C1 /* Products */;
			projectDirPath = "";
			projectRoot = "";
			targets = (
				81AC3A8C2B6D8371008D77C1 /* StarWars */,
				81AC3A9C2B6D8375008D77C1 /* StarWarsTests */,
				81AC3AA62B6D8375008D77C1 /* StarWarsUITests */,
			);
		};
/* End PBXProject section */

/* Begin PBXResourcesBuildPhase section */
		81AC3A8B2B6D8371008D77C1 /* Resources */ = {
			isa = PBXResourcesBuildPhase;
			buildActionMask = 2147483647;
			files = (
				81AC3A982B6D8375008D77C1 /* Preview Assets.xcassets in Resources */,
				81AC3A952B6D8375008D77C1 /* Assets.xcassets in Resources */,
			);
			runOnlyForDeploymentPostprocessing = 0;
		};
		81AC3A9B2B6D8375008D77C1 /* Resources */ = {
			isa = PBXResourcesBuildPhase;
			buildActionMask = 2147483647;
			files = (
			);
			runOnlyForDeploymentPostprocessing = 0;
		};
		81AC3AA52B6D8375008D77C1 /* Resources */ = {
			isa = PBXResourcesBuildPhase;
			buildActionMask = 2147483647;
			files = (
			);
			runOnlyForDeploymentPostprocessing = 0;
		};
/* End PBXResourcesBuildPhase section */

/* Begin PBXSourcesBuildPhase section */
		81AC3A892B6D8371008D77C1 /* Sources */ = {
			isa = PBXSourcesBuildPhase;
			buildActionMask = 2147483647;
			files = (
				81AC3A932B6D8371008D77C1 /* ContentView.swift in Sources */,
				81AC3AC02B6D8549008D77C1 /* StarWarsAPI.swift in Sources */,
				81AC3A912B6D8371008D77C1 /* StarWarsApp.swift in Sources */,
				81AC3AC92B6D88FE008D77C1 /* PeopleFetchable.swift in Sources */,
				81AC3AD02B6EE3A6008D77C1 /* People.swift in Sources */,
				81AC3ACC2B6D8C40008D77C1 /* PeopleRepository.swift in Sources */,
				81AC3ABE2B6D84AB008D77C1 /* APIError.swift in Sources */,
				81AC3AC52B6D887B008D77C1 /* PeopleEndpoint.swift in Sources */,
				81AC3AD22B6EE66D008D77C1 /* PeopleService.swift in Sources */,
			);
			runOnlyForDeploymentPostprocessing = 0;
		};
		81AC3A992B6D8375008D77C1 /* Sources */ = {
			isa = PBXSourcesBuildPhase;
			buildActionMask = 2147483647;
			files = (
				81AC3AA22B6D8375008D77C1 /* StarWarsTests.swift in Sources */,
			);
			runOnlyForDeploymentPostprocessing = 0;
		};
		81AC3AA32B6D8375008D77C1 /* Sources */ = {
			isa = PBXSourcesBuildPhase;
			buildActionMask = 2147483647;
			files = (
				81AC3AAE2B6D8375008D77C1 /* StarWarsUITestsLaunchTests.swift in Sources */,
				81AC3AAC2B6D8375008D77C1 /* StarWarsUITests.swift in Sources */,
			);
			runOnlyForDeploymentPostprocessing = 0;
		};
/* End PBXSourcesBuildPhase section */

/* Begin PBXTargetDependency section */
		81AC3A9F2B6D8375008D77C1 /* PBXTargetDependency */ = {
			isa = PBXTargetDependency;
			target = 81AC3A8C2B6D8371008D77C1 /* StarWars */;
			targetProxy = 81AC3A9E2B6D8375008D77C1 /* PBXContainerItemProxy */;
		};
		81AC3AA92B6D8375008D77C1 /* PBXTargetDependency */ = {
			isa = PBXTargetDependency;
			target = 81AC3A8C2B6D8371008D77C1 /* StarWars */;
			targetProxy = 81AC3AA82B6D8375008D77C1 /* PBXContainerItemProxy */;
		};
/* End PBXTargetDependency section */

/* Begin XCBuildConfiguration section */
		81AC3AAF2B6D8375008D77C1 /* Debug */ = {
			isa = XCBuildConfiguration;
			buildSettings = {
				ALWAYS_SEARCH_USER_PATHS = NO;
				CLANG_ANALYZER_NONNULL = YES;
				CLANG_ANALYZER_NUMBER_OBJECT_CONVERSION = YES_AGGRESSIVE;
				CLANG_CXX_LANGUAGE_STANDARD = "gnu++20";
				CLANG_ENABLE_MODULES = YES;
				CLANG_ENABLE_OBJC_ARC = YES;
				CLANG_ENABLE_OBJC_WEAK = YES;
				CLANG_WARN_BLOCK_CAPTURE_AUTORELEASING = YES;
				CLANG_WARN_BOOL_CONVERSION = YES;
				CLANG_WARN_COMMA = YES;
				CLANG_WARN_CONSTANT_CONVERSION = YES;
				CLANG_WARN_DEPRECATED_OBJC_IMPLEMENTATIONS = YES;
				CLANG_WARN_DIRECT_OBJC_ISA_USAGE = YES_ERROR;
				CLANG_WARN_DOCUMENTATION_COMMENTS = YES;
				CLANG_WARN_EMPTY_BODY = YES;
				CLANG_WARN_ENUM_CONVERSION = YES;
				CLANG_WARN_INFINITE_RECURSION = YES;
				CLANG_WARN_INT_CONVERSION = YES;
				CLANG_WARN_NON_LITERAL_NULL_CONVERSION = YES;
				CLANG_WARN_OBJC_IMPLICIT_RETAIN_SELF = YES;
				CLANG_WARN_OBJC_LITERAL_CONVERSION = YES;
				CLANG_WARN_OBJC_ROOT_CLASS = YES_ERROR;
				CLANG_WARN_QUOTED_INCLUDE_IN_FRAMEWORK_HEADER = YES;
				CLANG_WARN_RANGE_LOOP_ANALYSIS = YES;
				CLANG_WARN_STRICT_PROTOTYPES = YES;
				CLANG_WARN_SUSPICIOUS_MOVE = YES;
				CLANG_WARN_UNGUARDED_AVAILABILITY = YES_AGGRESSIVE;
				CLANG_WARN_UNREACHABLE_CODE = YES;
				CLANG_WARN__DUPLICATE_METHOD_MATCH = YES;
				COPY_PHASE_STRIP = NO;
				DEBUG_INFORMATION_FORMAT = dwarf;
				ENABLE_STRICT_OBJC_MSGSEND = YES;
				ENABLE_TESTABILITY = YES;
				GCC_C_LANGUAGE_STANDARD = gnu11;
				GCC_DYNAMIC_NO_PIC = NO;
				GCC_NO_COMMON_BLOCKS = YES;
				GCC_OPTIMIZATION_LEVEL = 0;
				GCC_PREPROCESSOR_DEFINITIONS = (
					"DEBUG=1",
					"$(inherited)",
				);
				GCC_WARN_64_TO_32_BIT_CONVERSION = YES;
				GCC_WARN_ABOUT_RETURN_TYPE = YES_ERROR;
				GCC_WARN_UNDECLARED_SELECTOR = YES;
				GCC_WARN_UNINITIALIZED_AUTOS = YES_AGGRESSIVE;
				GCC_WARN_UNUSED_FUNCTION = YES;
				GCC_WARN_UNUSED_VARIABLE = YES;
				IPHONEOS_DEPLOYMENT_TARGET = 16.1;
				MTL_ENABLE_DEBUG_INFO = INCLUDE_SOURCE;
				MTL_FAST_MATH = YES;
				ONLY_ACTIVE_ARCH = YES;
				SDKROOT = iphoneos;
				SWIFT_ACTIVE_COMPILATION_CONDITIONS = DEBUG;
				SWIFT_OPTIMIZATION_LEVEL = "-Onone";
			};
			name = Debug;
		};
		81AC3AB02B6D8375008D77C1 /* Release */ = {
			isa = XCBuildConfiguration;
			buildSettings = {
				ALWAYS_SEARCH_USER_PATHS = NO;
				CLANG_ANALYZER_NONNULL = YES;
				CLANG_ANALYZER_NUMBER_OBJECT_CONVERSION = YES_AGGRESSIVE;
				CLANG_CXX_LANGUAGE_STANDARD = "gnu++20";
				CLANG_ENABLE_MODULES = YES;
				CLANG_ENABLE_OBJC_ARC = YES;
				CLANG_ENABLE_OBJC_WEAK = YES;
				CLANG_WARN_BLOCK_CAPTURE_AUTORELEASING = YES;
				CLANG_WARN_BOOL_CONVERSION = YES;
				CLANG_WARN_COMMA = YES;
				CLANG_WARN_CONSTANT_CONVERSION = YES;
				CLANG_WARN_DEPRECATED_OBJC_IMPLEMENTATIONS = YES;
				CLANG_WARN_DIRECT_OBJC_ISA_USAGE = YES_ERROR;
				CLANG_WARN_DOCUMENTATION_COMMENTS = YES;
				CLANG_WARN_EMPTY_BODY = YES;
				CLANG_WARN_ENUM_CONVERSION = YES;
				CLANG_WARN_INFINITE_RECURSION = YES;
				CLANG_WARN_INT_CONVERSION = YES;
				CLANG_WARN_NON_LITERAL_NULL_CONVERSION = YES;
				CLANG_WARN_OBJC_IMPLICIT_RETAIN_SELF = YES;
				CLANG_WARN_OBJC_LITERAL_CONVERSION = YES;
				CLANG_WARN_OBJC_ROOT_CLASS = YES_ERROR;
				CLANG_WARN_QUOTED_INCLUDE_IN_FRAMEWORK_HEADER = YES;
				CLANG_WARN_RANGE_LOOP_ANALYSIS = YES;
				CLANG_WARN_STRICT_PROTOTYPES = YES;
				CLANG_WARN_SUSPICIOUS_MOVE = YES;
				CLANG_WARN_UNGUARDED_AVAILABILITY = YES_AGGRESSIVE;
				CLANG_WARN_UNREACHABLE_CODE = YES;
				CLANG_WARN__DUPLICATE_METHOD_MATCH = YES;
				COPY_PHASE_STRIP = NO;
				DEBUG_INFORMATION_FORMAT = "dwarf-with-dsym";
				ENABLE_NS_ASSERTIONS = NO;
				ENABLE_STRICT_OBJC_MSGSEND = YES;
				GCC_C_LANGUAGE_STANDARD = gnu11;
				GCC_NO_COMMON_BLOCKS = YES;
				GCC_WARN_64_TO_32_BIT_CONVERSION = YES;
				GCC_WARN_ABOUT_RETURN_TYPE = YES_ERROR;
				GCC_WARN_UNDECLARED_SELECTOR = YES;
				GCC_WARN_UNINITIALIZED_AUTOS = YES_AGGRESSIVE;
				GCC_WARN_UNUSED_FUNCTION = YES;
				GCC_WARN_UNUSED_VARIABLE = YES;
				IPHONEOS_DEPLOYMENT_TARGET = 16.1;
				MTL_ENABLE_DEBUG_INFO = NO;
				MTL_FAST_MATH = YES;
				SDKROOT = iphoneos;
				SWIFT_COMPILATION_MODE = wholemodule;
				SWIFT_OPTIMIZATION_LEVEL = "-O";
				VALIDATE_PRODUCT = YES;
			};
			name = Release;
		};
		81AC3AB22B6D8375008D77C1 /* Debug */ = {
			isa = XCBuildConfiguration;
			buildSettings = {
				ASSETCATALOG_COMPILER_APPICON_NAME = AppIcon;
				ASSETCATALOG_COMPILER_GLOBAL_ACCENT_COLOR_NAME = AccentColor;
				CODE_SIGN_STYLE = Automatic;
				CURRENT_PROJECT_VERSION = 1;
				DEVELOPMENT_ASSET_PATHS = "\"StarWars/Assets/Preview Content\"";
				ENABLE_PREVIEWS = YES;
				GENERATE_INFOPLIST_FILE = YES;
				INFOPLIST_KEY_UIApplicationSceneManifest_Generation = YES;
				INFOPLIST_KEY_UIApplicationSupportsIndirectInputEvents = YES;
				INFOPLIST_KEY_UILaunchScreen_Generation = YES;
				INFOPLIST_KEY_UISupportedInterfaceOrientations_iPad = "UIInterfaceOrientationPortrait UIInterfaceOrientationPortraitUpsideDown UIInterfaceOrientationLandscapeLeft UIInterfaceOrientationLandscapeRight";
				INFOPLIST_KEY_UISupportedInterfaceOrientations_iPhone = "UIInterfaceOrientationPortrait UIInterfaceOrientationLandscapeLeft UIInterfaceOrientationLandscapeRight";
				LD_RUNPATH_SEARCH_PATHS = (
					"$(inherited)",
					"@executable_path/Frameworks",
				);
				MARKETING_VERSION = 1.0;
				PRODUCT_BUNDLE_IDENTIFIER = com.DanteCanizo.StarWars;
				PRODUCT_NAME = "$(TARGET_NAME)";
				SWIFT_EMIT_LOC_STRINGS = YES;
				SWIFT_VERSION = 5.0;
				TARGETED_DEVICE_FAMILY = "1,2";
			};
			name = Debug;
		};
		81AC3AB32B6D8375008D77C1 /* Release */ = {
			isa = XCBuildConfiguration;
			buildSettings = {
				ASSETCATALOG_COMPILER_APPICON_NAME = AppIcon;
				ASSETCATALOG_COMPILER_GLOBAL_ACCENT_COLOR_NAME = AccentColor;
				CODE_SIGN_STYLE = Automatic;
				CURRENT_PROJECT_VERSION = 1;
				DEVELOPMENT_ASSET_PATHS = "\"StarWars/Assets/Preview Content\"";
				ENABLE_PREVIEWS = YES;
				GENERATE_INFOPLIST_FILE = YES;
				INFOPLIST_KEY_UIApplicationSceneManifest_Generation = YES;
				INFOPLIST_KEY_UIApplicationSupportsIndirectInputEvents = YES;
				INFOPLIST_KEY_UILaunchScreen_Generation = YES;
				INFOPLIST_KEY_UISupportedInterfaceOrientations_iPad = "UIInterfaceOrientationPortrait UIInterfaceOrientationPortraitUpsideDown UIInterfaceOrientationLandscapeLeft UIInterfaceOrientationLandscapeRight";
				INFOPLIST_KEY_UISupportedInterfaceOrientations_iPhone = "UIInterfaceOrientationPortrait UIInterfaceOrientationLandscapeLeft UIInterfaceOrientationLandscapeRight";
				LD_RUNPATH_SEARCH_PATHS = (
					"$(inherited)",
					"@executable_path/Frameworks",
				);
				MARKETING_VERSION = 1.0;
				PRODUCT_BUNDLE_IDENTIFIER = com.DanteCanizo.StarWars;
				PRODUCT_NAME = "$(TARGET_NAME)";
				SWIFT_EMIT_LOC_STRINGS = YES;
				SWIFT_VERSION = 5.0;
				TARGETED_DEVICE_FAMILY = "1,2";
			};
			name = Release;
		};
		81AC3AB52B6D8375008D77C1 /* Debug */ = {
			isa = XCBuildConfiguration;
			buildSettings = {
				ALWAYS_EMBED_SWIFT_STANDARD_LIBRARIES = YES;
				BUNDLE_LOADER = "$(TEST_HOST)";
				CODE_SIGN_STYLE = Automatic;
				CURRENT_PROJECT_VERSION = 1;
				GENERATE_INFOPLIST_FILE = YES;
				IPHONEOS_DEPLOYMENT_TARGET = 16.1;
				MARKETING_VERSION = 1.0;
				PRODUCT_BUNDLE_IDENTIFIER = com.DanteCanizo.StarWarsTests;
				PRODUCT_NAME = "$(TARGET_NAME)";
				SWIFT_EMIT_LOC_STRINGS = NO;
				SWIFT_VERSION = 5.0;
				TARGETED_DEVICE_FAMILY = "1,2";
				TEST_HOST = "$(BUILT_PRODUCTS_DIR)/StarWars.app/$(BUNDLE_EXECUTABLE_FOLDER_PATH)/StarWars";
			};
			name = Debug;
		};
		81AC3AB62B6D8375008D77C1 /* Release */ = {
			isa = XCBuildConfiguration;
			buildSettings = {
				ALWAYS_EMBED_SWIFT_STANDARD_LIBRARIES = YES;
				BUNDLE_LOADER = "$(TEST_HOST)";
				CODE_SIGN_STYLE = Automatic;
				CURRENT_PROJECT_VERSION = 1;
				GENERATE_INFOPLIST_FILE = YES;
				IPHONEOS_DEPLOYMENT_TARGET = 16.1;
				MARKETING_VERSION = 1.0;
				PRODUCT_BUNDLE_IDENTIFIER = com.DanteCanizo.StarWarsTests;
				PRODUCT_NAME = "$(TARGET_NAME)";
				SWIFT_EMIT_LOC_STRINGS = NO;
				SWIFT_VERSION = 5.0;
				TARGETED_DEVICE_FAMILY = "1,2";
				TEST_HOST = "$(BUILT_PRODUCTS_DIR)/StarWars.app/$(BUNDLE_EXECUTABLE_FOLDER_PATH)/StarWars";
			};
			name = Release;
		};
		81AC3AB82B6D8375008D77C1 /* Debug */ = {
			isa = XCBuildConfiguration;
			buildSettings = {
				ALWAYS_EMBED_SWIFT_STANDARD_LIBRARIES = YES;
				CODE_SIGN_STYLE = Automatic;
				CURRENT_PROJECT_VERSION = 1;
				GENERATE_INFOPLIST_FILE = YES;
				MARKETING_VERSION = 1.0;
				PRODUCT_BUNDLE_IDENTIFIER = com.DanteCanizo.StarWarsUITests;
				PRODUCT_NAME = "$(TARGET_NAME)";
				SWIFT_EMIT_LOC_STRINGS = NO;
				SWIFT_VERSION = 5.0;
				TARGETED_DEVICE_FAMILY = "1,2";
				TEST_TARGET_NAME = StarWars;
			};
			name = Debug;
		};
		81AC3AB92B6D8375008D77C1 /* Release */ = {
			isa = XCBuildConfiguration;
			buildSettings = {
				ALWAYS_EMBED_SWIFT_STANDARD_LIBRARIES = YES;
				CODE_SIGN_STYLE = Automatic;
				CURRENT_PROJECT_VERSION = 1;
				GENERATE_INFOPLIST_FILE = YES;
				MARKETING_VERSION = 1.0;
				PRODUCT_BUNDLE_IDENTIFIER = com.DanteCanizo.StarWarsUITests;
				PRODUCT_NAME = "$(TARGET_NAME)";
				SWIFT_EMIT_LOC_STRINGS = NO;
				SWIFT_VERSION = 5.0;
				TARGETED_DEVICE_FAMILY = "1,2";
				TEST_TARGET_NAME = StarWars;
			};
			name = Release;
		};
/* End XCBuildConfiguration section */

/* Begin XCConfigurationList section */
		81AC3A882B6D8371008D77C1 /* Build configuration list for PBXProject "StarWars" */ = {
			isa = XCConfigurationList;
			buildConfigurations = (
				81AC3AAF2B6D8375008D77C1 /* Debug */,
				81AC3AB02B6D8375008D77C1 /* Release */,
			);
			defaultConfigurationIsVisible = 0;
			defaultConfigurationName = Release;
		};
		81AC3AB12B6D8375008D77C1 /* Build configuration list for PBXNativeTarget "StarWars" */ = {
			isa = XCConfigurationList;
			buildConfigurations = (
				81AC3AB22B6D8375008D77C1 /* Debug */,
				81AC3AB32B6D8375008D77C1 /* Release */,
			);
			defaultConfigurationIsVisible = 0;
			defaultConfigurationName = Release;
		};
		81AC3AB42B6D8375008D77C1 /* Build configuration list for PBXNativeTarget "StarWarsTests" */ = {
			isa = XCConfigurationList;
			buildConfigurations = (
				81AC3AB52B6D8375008D77C1 /* Debug */,
				81AC3AB62B6D8375008D77C1 /* Release */,
			);
			defaultConfigurationIsVisible = 0;
			defaultConfigurationName = Release;
		};
		81AC3AB72B6D8375008D77C1 /* Build configuration list for PBXNativeTarget "StarWarsUITests" */ = {
			isa = XCConfigurationList;
			buildConfigurations = (
				81AC3AB82B6D8375008D77C1 /* Debug */,
				81AC3AB92B6D8375008D77C1 /* Release */,
			);
			defaultConfigurationIsVisible = 0;
			defaultConfigurationName = Release;
		};
/* End XCConfigurationList section */
	};
	rootObject = 81AC3A852B6D8371008D77C1 /* Project object */;
}
